
Microsoft Visual Studio Solution File, Format Version 12.00
# Visual Studio Version 16
VisualStudioVersion = 16.0.30002.166
MinimumVisualStudioVersion = 10.0.40219.1
Project("{FAE04EC0-301F-11D3-BF4B-00C04F79EFBC}") = "DesktopApp", "DesktopApp\DesktopApp.csproj", "{0EBD1DE1-537D-488F-B93F-2A4C9703D04C}"
EndProject
Global
	GlobalSection(SolutionConfigurationPlatforms) = preSolution
		Debug|Any CPU = Debug|Any CPU
		Release|Any CPU = Release|Any CPU
	EndGlobalSection
	GlobalSection(ProjectConfigurationPlatforms) = postSolution
		{0EBD1DE1-537D-488F-B93F-2A4C9703D04C}.Debug|Any CPU.ActiveCfg = Debug|Any CPU
		{0EBD1DE1-537D-488F-B93F-2A4C9703D04C}.Debug|Any CPU.Build.0 = Debug|Any CPU
		{0EBD1DE1-537D-488F-B93F-2A4C9703D04C}.Release|Any CPU.ActiveCfg = Release|Any CPU
		{0EBD1DE1-537D-488F-B93F-2A4C9703D04C}.Release|Any CPU.Build.0 = Release|Any CPU
	EndGlobalSection
	GlobalSection(SolutionProperties) = preSolution
		HideSolutionNode = FALSE
	EndGlobalSection
	GlobalSection(ExtensibilityGlobals) = postSolution
		SolutionGuid = {9643DBA4-3C9D-438F-BF9A-E8DC4F5BF993}
	EndGlobalSection
EndGlobal
